
Microsoft Visual Studio Solution File, Format Version 12.00
# Visual Studio Version 17
VisualStudioVersion = 17.4.33205.214
MinimumVisualStudioVersion = 10.0.40219.1
Project("{FAE04EC0-301F-11D3-BF4B-00C04F79EFBC}") = "CTGithubUsers", "CTGithubUsers\CTGithubUsers.csproj", "{CEFEA4EE-9A19-46A4-9DCC-DDC2CD523786}"
EndProject
Project("{FAE04EC0-301F-11D3-BF4B-00C04F79EFBC}") = "CTGithubUsersTest", "CTGithubUsersTest\CTGithubUsersTest.csproj", "{BB39D89A-9818-42C5-A5B4-E95CE14F45F5}"
EndProject
Global
	GlobalSection(SolutionConfigurationPlatforms) = preSolution
		Debug|Any CPU = Debug|Any CPU
		Release|Any CPU = Release|Any CPU
	EndGlobalSection
	GlobalSection(ProjectConfigurationPlatforms) = postSolution
		{CEFEA4EE-9A19-46A4-9DCC-DDC2CD523786}.Debug|Any CPU.ActiveCfg = Debug|Any CPU
		{CEFEA4EE-9A19-46A4-9DCC-DDC2CD523786}.Debug|Any CPU.Build.0 = Debug|Any CPU
		{CEFEA4EE-9A19-46A4-9DCC-DDC2CD523786}.Release|Any CPU.ActiveCfg = Release|Any CPU
		{CEFEA4EE-9A19-46A4-9DCC-DDC2CD523786}.Release|Any CPU.Build.0 = Release|Any CPU
		{BB39D89A-9818-42C5-A5B4-E95CE14F45F5}.Debug|Any CPU.ActiveCfg = Debug|Any CPU
		{BB39D89A-9818-42C5-A5B4-E95CE14F45F5}.Debug|Any CPU.Build.0 = Debug|Any CPU
		{BB39D89A-9818-42C5-A5B4-E95CE14F45F5}.Release|Any CPU.ActiveCfg = Release|Any CPU
		{BB39D89A-9818-42C5-A5B4-E95CE14F45F5}.Release|Any CPU.Build.0 = Release|Any CPU
	EndGlobalSection
	GlobalSection(SolutionProperties) = preSolution
		HideSolutionNode = FALSE
	EndGlobalSection
	GlobalSection(ExtensibilityGlobals) = postSolution
		SolutionGuid = {A8AA5851-8241-46C8-A984-6B6AC43E3F77}
	EndGlobalSection
EndGlobal
